<?xml version="1.0" encoding="utf-8"?>
<Project ToolsVersion="4.0" xmlns="http://schemas.microsoft.com/developer/msbuild/2003">
  <ItemGroup>
    <Filter Include="资源文件">
      <UniqueIdentifier>{67DA6AB6-F800-4c08-8B7A-83BB121AAD01}</UniqueIdentifier>
      <Extensions>rc;ico;cur;bmp;dlg;rc2;rct;bin;rgs;gif;jpg;jpeg;jpe;resx;tiff;tif;png;wav;mfcribbon-ms</Extensions>
    </Filter>
    <Filter Include="Entry">
      <UniqueIdentifier>{7509060c-86fe-47bd-86d4-882e772ce056}</UniqueIdentifier>
    </Filter>
    <Filter Include="ThirdParty">
      <UniqueIdentifier>{37b3fadb-c6bf-4eb1-8a8a-2e42000a0a79}</UniqueIdentifier>
    </Filter>
    <Filter Include="ThirdParty\imgui">
      <UniqueIdentifier>{f53c78f8-e8ba-4da7-ac8f-109e79f57d1f}</UniqueIdentifier>
    </Filter>
    <Filter Include="ThirdParty\imgui\backend">
      <UniqueIdentifier>{f71d9e6f-37c5-4dcf-9440-83547029a8ce}</UniqueIdentifier>
    </Filter>
    <Filter Include="ThirdParty\imgui\misc">
      <UniqueIdentifier>{4d5c390f-5006-481c-a995-682ea0502935}</UniqueIdentifier>
    </Filter>
    <Filter Include="Windows">
      <UniqueIdentifier>{f08cf98a-e7aa-41e2-9afc-683043db9d34}</UniqueIdentifier>
    </Filter>
    <Filter Include="LoggerSystem">
      <UniqueIdentifier>{318b58f9-774c-4263-99fa-74e21892fc33}</UniqueIdentifier>
    </Filter>
    <Filter Include="Core">
      <UniqueIdentifier>{9a14decf-5b80-446f-b881-160ba7d93711}</UniqueIdentifier>
    </Filter>
    <Filter Include="Core\Containers">
      <UniqueIdentifier>{622773c9-8fa7-4011-b9c2-c9cd9add0487}</UniqueIdentifier>
    </Filter>
    <Filter Include="Core\Containers\public">
      <UniqueIdentifier>{1f9481b7-64c4-4944-92e1-3f72ae9906d8}</UniqueIdentifier>
    </Filter>
    <Filter Include="Core\Containers\private">
      <UniqueIdentifier>{5b2bbf2c-62fd-4192-b0e2-3eeabdc9777f}</UniqueIdentifier>
    </Filter>
    <Filter Include="LoggerSystem\public">
      <UniqueIdentifier>{8ac32643-4022-4ca9-a3be-5647c07901d7}</UniqueIdentifier>
    </Filter>
    <Filter Include="LoggerSystem\private">
      <UniqueIdentifier>{ca63293c-d45a-4fba-8103-b17aaa44e967}</UniqueIdentifier>
    </Filter>
    <Filter Include="Core\Helper">
      <UniqueIdentifier>{d921cb02-b715-4a51-8935-4dd666d2bb14}</UniqueIdentifier>
    </Filter>
    <Filter Include="Core\Memory">
      <UniqueIdentifier>{8f1ad646-5ce4-492c-8ffa-7af61879306c}</UniqueIdentifier>
    </Filter>
    <Filter Include="Core\Delegate">
      <UniqueIdentifier>{ed50399c-899a-41e2-9736-014ebbc6a74f}</UniqueIdentifier>
    </Filter>
    <Filter Include="ThirdParty\imgui\misc\cpp">
      <UniqueIdentifier>{59d44309-bbf6-4e18-8a84-36b9bbd43154}</UniqueIdentifier>
    </Filter>
    <Filter Include="ThirdParty\fmt">
      <UniqueIdentifier>{8880598c-823c-4f37-8a5f-ed5d70287e1e}</UniqueIdentifier>
    </Filter>
    <Filter Include="ThirdParty\fmt\include">
      <UniqueIdentifier>{b355c5ad-c3d1-4ffe-9392-2e8d436f67b5}</UniqueIdentifier>
    </Filter>
    <Filter Include="ThirdParty\fmt\src">
      <UniqueIdentifier>{d361394f-775d-4030-9e35-fcf33afa2db1}</UniqueIdentifier>
    </Filter>
  </ItemGroup>
  <ItemGroup>
    <ClCompile Include="Entry.cpp">
      <Filter>Entry</Filter>
    </ClCompile>
    <ClCompile Include="..\ThirdParty\imgui-1.92.0\imgui.cpp">
      <Filter>ThirdParty\imgui</Filter>
    </ClCompile>
    <ClCompile Include="..\ThirdParty\imgui-1.92.0\imgui_draw.cpp">
      <Filter>ThirdParty\imgui</Filter>
    </ClCompile>
    <ClCompile Include="..\ThirdParty\imgui-1.92.0\imgui_tables.cpp">
      <Filter>ThirdParty\imgui</Filter>
    </ClCompile>
    <ClCompile Include="..\ThirdParty\imgui-1.92.0\imgui_widgets.cpp">
      <Filter>ThirdParty\imgui</Filter>
    </ClCompile>
    <ClCompile Include="..\ThirdParty\imgui-1.92.0\backends\imgui_impl_dx12.cpp">
      <Filter>ThirdParty\imgui\backend</Filter>
    </ClCompile>
    <ClCompile Include="..\ThirdParty\imgui-1.92.0\backends\imgui_impl_win32.cpp">
      <Filter>ThirdParty\imgui\backend</Filter>
    </ClCompile>
    <ClCompile Include="..\ThirdParty\imgui-1.92.0\imgui_demo.cpp">
      <Filter>ThirdParty\imgui</Filter>
    </ClCompile>
    <ClCompile Include="Logger\private\OutputDevice.cpp">
      <Filter>LoggerSystem\private</Filter>
    </ClCompile>
    <ClCompile Include="Logger\private\OutputDeviceConsole.cpp">
      <Filter>LoggerSystem\private</Filter>
    </ClCompile>
    <ClCompile Include="Logger\private\OutputDeviceFile.cpp">
      <Filter>LoggerSystem\private</Filter>
    </ClCompile>
    <ClCompile Include="Logger\private\OutputDeviceRedirector.cpp">
      <Filter>LoggerSystem\private</Filter>
    </ClCompile>
    <ClCompile Include="Logger\private\LoggerSuppressor.cpp">
      <Filter>LoggerSystem\private</Filter>
    </ClCompile>
    <ClCompile Include="Logger\private\BaseLogger.cpp">
      <Filter>LoggerSystem\private</Filter>
    </ClCompile>
    <ClCompile Include="Logger\public\LogModule.cpp">
      <Filter>LoggerSystem\private</Filter>
    </ClCompile>
    <ClCompile Include="Core\Memory\TempMemo.cpp">
      <Filter>Core\Memory</Filter>
    </ClCompile>
    <ClCompile Include="Logger\private\LoggerMisc.cpp">
      <Filter>LoggerSystem\private</Filter>
    </ClCompile>
    <ClCompile Include="Logger\private\OutputDeviceWindowsOutput.cpp">
      <Filter>LoggerSystem\private</Filter>
    </ClCompile>
    <ClCompile Include="Logger\private\OutputDeviceTab.cpp">
      <Filter>LoggerSystem\private</Filter>
    </ClCompile>
    <ClCompile Include="..\ThirdParty\imgui-1.92.0\misc\cpp\imgui_stdlib.cpp">
      <Filter>ThirdParty\imgui\misc\cpp</Filter>
    </ClCompile>
    <ClCompile Include="..\ThirdParty\fmt-12.1.0\src\format.cc">
      <Filter>ThirdParty\fmt\src</Filter>
    </ClCompile>
    <ClCompile Include="..\ThirdParty\fmt-12.1.0\src\os.cc">
      <Filter>ThirdParty\fmt\src</Filter>
    </ClCompile>
  </ItemGroup>
  <ItemGroup>
    <ClInclude Include="..\ThirdParty\imgui-1.92.0\imconfig.h">
      <Filter>ThirdParty\imgui</Filter>
    </ClInclude>
    <ClInclude Include="..\ThirdParty\imgui-1.92.0\imgui.h">
      <Filter>ThirdParty\imgui</Filter>
    </ClInclude>
    <ClInclude Include="..\ThirdParty\imgui-1.92.0\imgui_internal.h">
      <Filter>ThirdParty\imgui</Filter>
    </ClInclude>
    <ClInclude Include="..\ThirdParty\imgui-1.92.0\imstb_rectpack.h">
      <Filter>ThirdParty\imgui</Filter>
    </ClInclude>
    <ClInclude Include="..\ThirdParty\imgui-1.92.0\imstb_textedit.h">
      <Filter>ThirdParty\imgui</Filter>
    </ClInclude>
    <ClInclude Include="..\ThirdParty\imgui-1.92.0\imstb_truetype.h">
      <Filter>ThirdParty\imgui</Filter>
    </ClInclude>
    <ClInclude Include="..\ThirdParty\imgui-1.92.0\backends\imgui_impl_dx12.h">
      <Filter>ThirdParty\imgui\backend</Filter>
    </ClInclude>
    <ClInclude Include="..\ThirdParty\imgui-1.92.0\backends\imgui_impl_win32.h">
      <Filter>ThirdParty\imgui\backend</Filter>
    </ClInclude>
    <ClInclude Include="Core\Core.h">
      <Filter>Core</Filter>
    </ClInclude>
    <ClInclude Include="GlobalCore.h">
      <Filter>Core</Filter>
    </ClInclude>
    <ClInclude Include="Core\Containers\public\Array.h">
      <Filter>Core\Containers\public</Filter>
    </ClInclude>
    <ClInclude Include="Logger\public\OutputDevice.h">
      <Filter>LoggerSystem\public</Filter>
    </ClInclude>
    <ClInclude Include="Logger\public\OutputDeviceConsole.h">
      <Filter>LoggerSystem\public</Filter>
    </ClInclude>
    <ClInclude Include="Logger\public\OutputDeviceFile.h">
      <Filter>LoggerSystem\public</Filter>
    </ClInclude>
    <ClInclude Include="Logger\public\OutputDeviceRedirector.h">
      <Filter>LoggerSystem\public</Filter>
    </ClInclude>
    <ClInclude Include="Logger\public\LoggerMisc.h">
      <Filter>LoggerSystem\public</Filter>
    </ClInclude>
    <ClInclude Include="Logger\public\LoggerSuppressor.h">
      <Filter>LoggerSystem\public</Filter>
    </ClInclude>
    <ClInclude Include="Logger\public\LoggerMacro.h">
      <Filter>LoggerSystem\public</Filter>
    </ClInclude>
    <ClInclude Include="Logger\public\BaseLogger.h">
      <Filter>LoggerSystem\public</Filter>
    </ClInclude>
    <ClInclude Include="Core\Helper\HelperMacro.h">
      <Filter>Core\Helper</Filter>
    </ClInclude>
    <ClInclude Include="Logger\public\LogModule.h">
      <Filter>LoggerSystem\public</Filter>
    </ClInclude>
    <ClInclude Include="Core\Memory\TempMemo.h">
      <Filter>Core\Memory</Filter>
    </ClInclude>
    <ClInclude Include="Logger\public\OutputDeviceWindowsOutput.h">
      <Filter>LoggerSystem\public</Filter>
    </ClInclude>
    <ClInclude Include="Core\Helper\public\StringHelper.h">
      <Filter>Core\Helper</Filter>
    </ClInclude>
    <ClInclude Include="Core\Containers\public\RingBuffer.h">
      <Filter>Core\Containers\public</Filter>
    </ClInclude>
    <ClInclude Include="Logger\public\OutputDeviceTab.h">
      <Filter>LoggerSystem\public</Filter>
    </ClInclude>
    <ClInclude Include="Core\Delegate\Delegate.h">
      <Filter>Core\Delegate</Filter>
    </ClInclude>
    <ClInclude Include="Core\Delegate\DelegateMacro.h">
      <Filter>Core\Delegate</Filter>
    </ClInclude>
    <ClInclude Include="..\ThirdParty\imgui-1.92.0\misc\cpp\imgui_stdlib.h">
      <Filter>ThirdParty\imgui\misc\cpp</Filter>
    </ClInclude>
    <ClInclude Include="..\ThirdParty\fmt-12.1.0\include\fmt\args.h">
      <Filter>ThirdParty\fmt\include</Filter>
    </ClInclude>
    <ClInclude Include="..\ThirdParty\fmt-12.1.0\include\fmt\base.h">
      <Filter>ThirdParty\fmt\include</Filter>
    </ClInclude>
    <ClInclude Include="..\ThirdParty\fmt-12.1.0\include\fmt\chrono.h">
      <Filter>ThirdParty\fmt\include</Filter>
    </ClInclude>
    <ClInclude Include="..\ThirdParty\fmt-12.1.0\include\fmt\color.h">
      <Filter>ThirdParty\fmt\include</Filter>
    </ClInclude>
    <ClInclude Include="..\ThirdParty\fmt-12.1.0\include\fmt\compile.h">
      <Filter>ThirdParty\fmt\include</Filter>
    </ClInclude>
    <ClInclude Include="..\ThirdParty\fmt-12.1.0\include\fmt\core.h">
      <Filter>ThirdParty\fmt\include</Filter>
    </ClInclude>
    <ClInclude Include="..\ThirdParty\fmt-12.1.0\include\fmt\format.h">
      <Filter>ThirdParty\fmt\include</Filter>
    </ClInclude>
    <ClInclude Include="..\ThirdParty\fmt-12.1.0\include\fmt\format-inl.h">
      <Filter>ThirdParty\fmt\include</Filter>
    </ClInclude>
    <ClInclude Include="..\ThirdParty\fmt-12.1.0\include\fmt\os.h">
      <Filter>ThirdParty\fmt\include</Filter>
    </ClInclude>
    <ClInclude Include="..\ThirdParty\fmt-12.1.0\include\fmt\ostream.h">
      <Filter>ThirdParty\fmt\include</Filter>
    </ClInclude>
    <ClInclude Include="..\ThirdParty\fmt-12.1.0\include\fmt\printf.h">
      <Filter>ThirdParty\fmt\include</Filter>
    </ClInclude>
    <ClInclude Include="..\ThirdParty\fmt-12.1.0\include\fmt\ranges.h">
      <Filter>ThirdParty\fmt\include</Filter>
    </ClInclude>
    <ClInclude Include="..\ThirdParty\fmt-12.1.0\include\fmt\std.h">
      <Filter>ThirdParty\fmt\include</Filter>
    </ClInclude>
    <ClInclude Include="..\ThirdParty\fmt-12.1.0\include\fmt\xchar.h">
      <Filter>ThirdParty\fmt\include</Filter>
    </ClInclude>
  </ItemGroup>
  <ItemGroup>
    <None Include="MileStone.md" />
    <None Include="Logger\doc.md">
      <Filter>LoggerSystem</Filter>
    </None>
  </ItemGroup>
  <ItemGroup>
    <Text Include="..\ThirdParty\imgui-1.92.0\misc\cpp\README.txt">
      <Filter>ThirdParty\imgui\misc\cpp</Filter>
    </Text>
  </ItemGroup>
</Project>